
Microsoft Visual Studio Solution File, Format Version 12.00
# Visual Studio Version 16
VisualStudioVersion = 16.0.30611.23
MinimumVisualStudioVersion = 10.0.40219.1
Project("{FAE04EC0-301F-11D3-BF4B-00C04F79EFBC}") = "NightClub", "NightClub\NightClub.csproj", "{59B8BCDC-A298-4B7A-A078-0BE8C861A0E7}"
EndProject
Global
	GlobalSection(SolutionConfigurationPlatforms) = preSolution
		Debug|Any CPU = Debug|Any CPU
		Release|Any CPU = Release|Any CPU
	EndGlobalSection
	GlobalSection(ProjectConfigurationPlatforms) = postSolution
		{59B8BCDC-A298-4B7A-A078-0BE8C861A0E7}.Debug|Any CPU.ActiveCfg = Debug|Any CPU
		{59B8BCDC-A298-4B7A-A078-0BE8C861A0E7}.Debug|Any CPU.Build.0 = Debug|Any CPU
		{59B8BCDC-A298-4B7A-A078-0BE8C861A0E7}.Release|Any CPU.ActiveCfg = Release|Any CPU
		{59B8BCDC-A298-4B7A-A078-0BE8C861A0E7}.Release|Any CPU.Build.0 = Release|Any CPU
	EndGlobalSection
	GlobalSection(SolutionProperties) = preSolution
		HideSolutionNode = FALSE
	EndGlobalSection
	GlobalSection(ExtensibilityGlobals) = postSolution
		SolutionGuid = {35564569-D05B-4610-BC3D-5A1CCD3CBC02}
	EndGlobalSection
EndGlobal
